// !$*UTF8*$!
{
	archiveVersion = 1;
	classes = {
	};
	objectVersion = 56;
	objects = {

/* Begin PBXBuildFile section */
		0D46C17E81C70EB64E8C9759 /* TaskDataManager.swift in Sources */ = {isa = PBXBuildFile; fileRef = D4CCA24F4D5FAA73D9C880AC /* TaskDataManager.swift */; };
		437BA1C6435AC08C51560D9F /* RememberAtModel.swift in Sources */ = {isa = PBXBuildFile; fileRef = 70C681DA15AEAD2BF0DF5FC3 /* RememberAtModel.swift */; };
		6418348D2A20385900825BA8 /* HomeView.swift in Sources */ = {isa = PBXBuildFile; fileRef = 6418348C2A20385900825BA8 /* HomeView.swift */; };
		64473F372A218117000B5967 /* GenderModel.swift in Sources */ = {isa = PBXBuildFile; fileRef = 64473F322A218117000B5967 /* GenderModel.swift */; };
		64473F382A218117000B5967 /* SpecieModel.swift in Sources */ = {isa = PBXBuildFile; fileRef = 64473F332A218117000B5967 /* SpecieModel.swift */; };
		64473F392A218117000B5967 /* PetModel.swift in Sources */ = {isa = PBXBuildFile; fileRef = 64473F342A218117000B5967 /* PetModel.swift */; };
		64473F3B2A218117000B5967 /* RaceModel.swift in Sources */ = {isa = PBXBuildFile; fileRef = 64473F362A218117000B5967 /* RaceModel.swift */; };
		646D84422A20208000884CC2 /* PetCardView.swift in Sources */ = {isa = PBXBuildFile; fileRef = 646D84412A20208000884CC2 /* PetCardView.swift */; };
		646D84462A202F6C00884CC2 /* Poppins-Regular.ttf in Resources */ = {isa = PBXBuildFile; fileRef = 646D84452A202F6C00884CC2 /* Poppins-Regular.ttf */; };
		646D84482A202F9100884CC2 /* Poppins-Bold.ttf in Resources */ = {isa = PBXBuildFile; fileRef = 646D84472A202F9100884CC2 /* Poppins-Bold.ttf */; };
		646D844A2A202F9E00884CC2 /* Poppins-SemiBold.ttf in Resources */ = {isa = PBXBuildFile; fileRef = 646D84492A202F9E00884CC2 /* Poppins-SemiBold.ttf */; };
		646D844E2A20316A00884CC2 /* Poppins-Medium.ttf in Resources */ = {isa = PBXBuildFile; fileRef = 646D844D2A20316A00884CC2 /* Poppins-Medium.ttf */; };
		646D84502A20367A00884CC2 /* FontManager.swift in Sources */ = {isa = PBXBuildFile; fileRef = 646D844F2A20367A00884CC2 /* FontManager.swift */; };
		647231952A2A973900857CA3 /* PetDetailsView.swift in Sources */ = {isa = PBXBuildFile; fileRef = 647231942A2A973900857CA3 /* PetDetailsView.swift */; };
		6483B5932A2806A2001915D5 /* HomeViewWithoutPets.swift in Sources */ = {isa = PBXBuildFile; fileRef = 6483B5922A2806A2001915D5 /* HomeViewWithoutPets.swift */; };
		64A86CDD2A20056B000F9AA0 /* LoveMyCapibaraApp.swift in Sources */ = {isa = PBXBuildFile; fileRef = 64A86CDC2A20056B000F9AA0 /* LoveMyCapibaraApp.swift */; };
		64A86CDF2A20056B000F9AA0 /* ContentView.swift in Sources */ = {isa = PBXBuildFile; fileRef = 64A86CDE2A20056B000F9AA0 /* ContentView.swift */; };
		64A86CE12A20056C000F9AA0 /* Assets.xcassets in Resources */ = {isa = PBXBuildFile; fileRef = 64A86CE02A20056C000F9AA0 /* Assets.xcassets */; };
		64A86CE42A20056C000F9AA0 /* Preview Assets.xcassets in Resources */ = {isa = PBXBuildFile; fileRef = 64A86CE32A20056C000F9AA0 /* Preview Assets.xcassets */; };
		64DE71A42A2E88EE00B2CF26 /* PetAttributes.swift in Sources */ = {isa = PBXBuildFile; fileRef = 64DE71A32A2E88EE00B2CF26 /* PetAttributes.swift */; };
		64DE71A62A2E894300B2CF26 /* AdicionalInfo.swift in Sources */ = {isa = PBXBuildFile; fileRef = 64DE71A52A2E894300B2CF26 /* AdicionalInfo.swift */; };
		64DE71A82A2E899A00B2CF26 /* LabelsOfPet.swift in Sources */ = {isa = PBXBuildFile; fileRef = 64DE71A72A2E899A00B2CF26 /* LabelsOfPet.swift */; };
		77C42E74C7401B2B399FE1A3 /* TaskTypeModel.swift in Sources */ = {isa = PBXBuildFile; fileRef = 5445A6F02CB530FEA9C53B5E /* TaskTypeModel.swift */; };
		809D295D2A3D2D13005BAE02 /* CoreDataManager.swift in Sources */ = {isa = PBXBuildFile; fileRef = 809D295C2A3D2D13005BAE02 /* CoreDataManager.swift */; };
		80A13C862A4E37580038CBED /* TasksListViewModel.swift in Sources */ = {isa = PBXBuildFile; fileRef = 80A13C852A4E37580038CBED /* TasksListViewModel.swift */; };
		80A1EA382A3129FB00DF9EB6 /* CustomButton.swift in Sources */ = {isa = PBXBuildFile; fileRef = 80A1EA372A3129FB00DF9EB6 /* CustomButton.swift */; };
		80A7C0202A40F99200AC7769 /* PetCoreData.xcdatamodeld in Sources */ = {isa = PBXBuildFile; fileRef = 80A7C01E2A40F99200AC7769 /* PetCoreData.xcdatamodeld */; };
		80A7C0222A410B0C00AC7769 /* PetDataManager.swift in Sources */ = {isa = PBXBuildFile; fileRef = 80A7C0212A410B0C00AC7769 /* PetDataManager.swift */; };
		80A7C0242A410CB100AC7769 /* AddPetViewModel.swift in Sources */ = {isa = PBXBuildFile; fileRef = 80A7C0232A410CB100AC7769 /* AddPetViewModel.swift */; };
		80A7C0262A410DFB00AC7769 /* PetDetailedViewModel.swift in Sources */ = {isa = PBXBuildFile; fileRef = 80A7C0252A410DFB00AC7769 /* PetDetailedViewModel.swift */; };
		80AEE9222A4CD98500E65DAC /* TaskCardView.swift in Sources */ = {isa = PBXBuildFile; fileRef = 80AEE9212A4CD98500E65DAC /* TaskCardView.swift */; };
		80AEE9242A4CDC4400E65DAC /* TasksListView.swift in Sources */ = {isa = PBXBuildFile; fileRef = 80AEE9232A4CDC4400E65DAC /* TasksListView.swift */; };
		80C10E222A425C5C001A1A6B /* EditPetViewModel.swift in Sources */ = {isa = PBXBuildFile; fileRef = F5A7E46A2A41251C00B2DF61 /* EditPetViewModel.swift */; };
		89B96C24EA18DF140E2587BC /* TaskModel.swift in Sources */ = {isa = PBXBuildFile; fileRef = 4D438854F679BF68CE2CFC1B /* TaskModel.swift */; };
		9397CA90464FFCA6C18732E3 /* CreateTaskView.swift in Sources */ = {isa = PBXBuildFile; fileRef = 9A45B3EE5FC6DC53C8D7A39D /* CreateTaskView.swift */; };
		9740BE7D258EB7BF4BE51A46 /* .swiftlint.yml in Resources */ = {isa = PBXBuildFile; fileRef = EF69A7F432AAADAE473F890D /* .swiftlint.yml */; };
		9C775C1E81466B0F959DFC19 /* FrequencyModel.swift in Sources */ = {isa = PBXBuildFile; fileRef = 60D2180F9C01D9E465A3D762 /* FrequencyModel.swift */; };
		C030D73D2A4263C1007013A2 /* SettingsView.swift in Sources */ = {isa = PBXBuildFile; fileRef = C030D7372A4263C1007013A2 /* SettingsView.swift */; };
		C030D73E2A4263C1007013A2 /* ThemeOption.swift in Sources */ = {isa = PBXBuildFile; fileRef = C030D7392A4263C1007013A2 /* ThemeOption.swift */; };
		C030D73F2A4263C1007013A2 /* UnselectedRadioIcon.swift in Sources */ = {isa = PBXBuildFile; fileRef = C030D73A2A4263C1007013A2 /* UnselectedRadioIcon.swift */; };
		C030D7402A4263C1007013A2 /* SelectedRadioIcon.swift in Sources */ = {isa = PBXBuildFile; fileRef = C030D73B2A4263C1007013A2 /* SelectedRadioIcon.swift */; };
		C030D7412A4263C1007013A2 /* ThemeSelector.swift in Sources */ = {isa = PBXBuildFile; fileRef = C030D73C2A4263C1007013A2 /* ThemeSelector.swift */; };
		C08DB1CD2A2FDA0900636AEF /* DatePickerView.swift in Sources */ = {isa = PBXBuildFile; fileRef = C08DB1CC2A2FDA0900636AEF /* DatePickerView.swift */; };
		C08DB1D22A2FF5A400636AEF /* WeightPickerView.swift in Sources */ = {isa = PBXBuildFile; fileRef = C08DB1D12A2FF5A400636AEF /* WeightPickerView.swift */; };
		C0AAD5532A37A23100054836 /* ButtonWeightPicker.swift in Sources */ = {isa = PBXBuildFile; fileRef = C0AAD5522A37A23100054836 /* ButtonWeightPicker.swift */; };
		C0F72D7C2A3D2A48003AE92C /* CustomNavigationViewModifiers.swift in Sources */ = {isa = PBXBuildFile; fileRef = C0F72D7B2A3D2A48003AE92C /* CustomNavigationViewModifiers.swift */; };
		F5333CCE2A37B5E60073594B /* FormViewModel.swift in Sources */ = {isa = PBXBuildFile; fileRef = F5333CCD2A37B5E60073594B /* FormViewModel.swift */; };
		F5333CD12A37CDDA0073594B /* EditPetView.swift in Sources */ = {isa = PBXBuildFile; fileRef = F5333CD02A37CDDA0073594B /* EditPetView.swift */; };
		F5338F8B2A2FDE3800164841 /* specie.json in Resources */ = {isa = PBXBuildFile; fileRef = F5338F8A2A2FDE3800164841 /* specie.json */; };
		F5338F8D2A2FEACE00164841 /* race.json in Resources */ = {isa = PBXBuildFile; fileRef = F5338F8C2A2FEACE00164841 /* race.json */; };
		F5354DCD2A3155E40057F11F /* FormView.swift in Sources */ = {isa = PBXBuildFile; fileRef = F5354DCC2A3155E40057F11F /* FormView.swift */; };
		F5354DCF2A3158230057F11F /* ImagePicker.swift in Sources */ = {isa = PBXBuildFile; fileRef = F5354DCE2A3158230057F11F /* ImagePicker.swift */; };
		F5C649D42A3A5C5300B4F3CB /* HomeViewModel.swift in Sources */ = {isa = PBXBuildFile; fileRef = 64F7737B2A26AB9B006384C2 /* HomeViewModel.swift */; };
		F5C649D52A3A5C6E00B4F3CB /* HomeViewWithPets.swift in Sources */ = {isa = PBXBuildFile; fileRef = C0EA9D342A31404F0007DD27 /* HomeViewWithPets.swift */; };
		F5F6CEE42A3A8C2A00458BC2 /* InputPicker.swift in Sources */ = {isa = PBXBuildFile; fileRef = F5F6CEE22A3A8C2A00458BC2 /* InputPicker.swift */; };
		F5F6CEE52A3A8C2A00458BC2 /* InputText.swift in Sources */ = {isa = PBXBuildFile; fileRef = F5F6CEE32A3A8C2A00458BC2 /* InputText.swift */; };
		F5F6CEE92A3A8DE700458BC2 /* AddPetView.swift in Sources */ = {isa = PBXBuildFile; fileRef = F5F6CEE82A3A8DE700458BC2 /* AddPetView.swift */; };
/* End PBXBuildFile section */

/* Begin PBXFileReference section */
		4D438854F679BF68CE2CFC1B /* TaskModel.swift */ = {isa = PBXFileReference; lastKnownFileType = sourcecode.swift; path = TaskModel.swift; sourceTree = "<group>"; };
		5445A6F02CB530FEA9C53B5E /* TaskTypeModel.swift */ = {isa = PBXFileReference; lastKnownFileType = sourcecode.swift; path = TaskTypeModel.swift; sourceTree = "<group>"; };
		60D2180F9C01D9E465A3D762 /* FrequencyModel.swift */ = {isa = PBXFileReference; lastKnownFileType = sourcecode.swift; path = FrequencyModel.swift; sourceTree = "<group>"; };
		6418348C2A20385900825BA8 /* HomeView.swift */ = {isa = PBXFileReference; lastKnownFileType = sourcecode.swift; path = HomeView.swift; sourceTree = "<group>"; };
		642442512A2951FC0052E0C8 /* UnselectedRadioIcon.swift */ = {isa = PBXFileReference; lastKnownFileType = sourcecode.swift; path = UnselectedRadioIcon.swift; sourceTree = "<group>"; };
		642442532A2952100052E0C8 /* SelectedRadioIcon.swift */ = {isa = PBXFileReference; lastKnownFileType = sourcecode.swift; path = SelectedRadioIcon.swift; sourceTree = "<group>"; };
		642442552A29541C0052E0C8 /* ThemeOption.swift */ = {isa = PBXFileReference; lastKnownFileType = sourcecode.swift; path = ThemeOption.swift; sourceTree = "<group>"; };
		642442572A2955630052E0C8 /* ThemeSelector.swift */ = {isa = PBXFileReference; lastKnownFileType = sourcecode.swift; path = ThemeSelector.swift; sourceTree = "<group>"; };
		64473F322A218117000B5967 /* GenderModel.swift */ = {isa = PBXFileReference; fileEncoding = 4; lastKnownFileType = sourcecode.swift; path = GenderModel.swift; sourceTree = "<group>"; };
		64473F332A218117000B5967 /* SpecieModel.swift */ = {isa = PBXFileReference; fileEncoding = 4; lastKnownFileType = sourcecode.swift; path = SpecieModel.swift; sourceTree = "<group>"; };
		64473F342A218117000B5967 /* PetModel.swift */ = {isa = PBXFileReference; fileEncoding = 4; lastKnownFileType = sourcecode.swift; path = PetModel.swift; sourceTree = "<group>"; };
		64473F362A218117000B5967 /* RaceModel.swift */ = {isa = PBXFileReference; fileEncoding = 4; lastKnownFileType = sourcecode.swift; path = RaceModel.swift; sourceTree = "<group>"; };
		646D84412A20208000884CC2 /* PetCardView.swift */ = {isa = PBXFileReference; fileEncoding = 4; lastKnownFileType = sourcecode.swift; path = PetCardView.swift; sourceTree = "<group>"; };
		646D84452A202F6C00884CC2 /* Poppins-Regular.ttf */ = {isa = PBXFileReference; lastKnownFileType = file; path = "Poppins-Regular.ttf"; sourceTree = "<group>"; };
		646D84472A202F9100884CC2 /* Poppins-Bold.ttf */ = {isa = PBXFileReference; lastKnownFileType = file; path = "Poppins-Bold.ttf"; sourceTree = "<group>"; };
		646D84492A202F9E00884CC2 /* Poppins-SemiBold.ttf */ = {isa = PBXFileReference; lastKnownFileType = file; path = "Poppins-SemiBold.ttf"; sourceTree = "<group>"; };
		646D844D2A20316A00884CC2 /* Poppins-Medium.ttf */ = {isa = PBXFileReference; lastKnownFileType = file; path = "Poppins-Medium.ttf"; sourceTree = "<group>"; };
		646D844F2A20367A00884CC2 /* FontManager.swift */ = {isa = PBXFileReference; lastKnownFileType = sourcecode.swift; path = FontManager.swift; sourceTree = "<group>"; };
		647231942A2A973900857CA3 /* PetDetailsView.swift */ = {isa = PBXFileReference; lastKnownFileType = sourcecode.swift; path = PetDetailsView.swift; sourceTree = "<group>"; };
		6483B5922A2806A2001915D5 /* HomeViewWithoutPets.swift */ = {isa = PBXFileReference; lastKnownFileType = sourcecode.swift; path = HomeViewWithoutPets.swift; sourceTree = "<group>"; };
		64A86CD92A20056B000F9AA0 /* LoveMyCapibara.app */ = {isa = PBXFileReference; explicitFileType = wrapper.application; includeInIndex = 0; path = LoveMyCapibara.app; sourceTree = BUILT_PRODUCTS_DIR; };
		64A86CDC2A20056B000F9AA0 /* LoveMyCapibaraApp.swift */ = {isa = PBXFileReference; lastKnownFileType = sourcecode.swift; path = LoveMyCapibaraApp.swift; sourceTree = "<group>"; };
		64A86CDE2A20056B000F9AA0 /* ContentView.swift */ = {isa = PBXFileReference; lastKnownFileType = sourcecode.swift; path = ContentView.swift; sourceTree = "<group>"; };
		64A86CE02A20056C000F9AA0 /* Assets.xcassets */ = {isa = PBXFileReference; lastKnownFileType = folder.assetcatalog; path = Assets.xcassets; sourceTree = "<group>"; };
		64A86CE32A20056C000F9AA0 /* Preview Assets.xcassets */ = {isa = PBXFileReference; lastKnownFileType = folder.assetcatalog; path = "Preview Assets.xcassets"; sourceTree = "<group>"; };
		64DE71A32A2E88EE00B2CF26 /* PetAttributes.swift */ = {isa = PBXFileReference; lastKnownFileType = sourcecode.swift; path = PetAttributes.swift; sourceTree = "<group>"; };
		64DE71A52A2E894300B2CF26 /* AdicionalInfo.swift */ = {isa = PBXFileReference; lastKnownFileType = sourcecode.swift; path = AdicionalInfo.swift; sourceTree = "<group>"; };
		64DE71A72A2E899A00B2CF26 /* LabelsOfPet.swift */ = {isa = PBXFileReference; lastKnownFileType = sourcecode.swift; path = LabelsOfPet.swift; sourceTree = "<group>"; };
		64F7737B2A26AB9B006384C2 /* HomeViewModel.swift */ = {isa = PBXFileReference; lastKnownFileType = sourcecode.swift; path = HomeViewModel.swift; sourceTree = "<group>"; };
		70C681DA15AEAD2BF0DF5FC3 /* RememberAtModel.swift */ = {isa = PBXFileReference; lastKnownFileType = sourcecode.swift; path = RememberAtModel.swift; sourceTree = "<group>"; };
		809D295C2A3D2D13005BAE02 /* CoreDataManager.swift */ = {isa = PBXFileReference; lastKnownFileType = sourcecode.swift; path = CoreDataManager.swift; sourceTree = "<group>"; };
		80A13C852A4E37580038CBED /* TasksListViewModel.swift */ = {isa = PBXFileReference; lastKnownFileType = sourcecode.swift; path = TasksListViewModel.swift; sourceTree = "<group>"; };
		80A1EA372A3129FB00DF9EB6 /* CustomButton.swift */ = {isa = PBXFileReference; lastKnownFileType = sourcecode.swift; path = CustomButton.swift; sourceTree = "<group>"; };
		80A7C01F2A40F99200AC7769 /* PetCoreData.xcdatamodel */ = {isa = PBXFileReference; lastKnownFileType = wrapper.xcdatamodel; path = PetCoreData.xcdatamodel; sourceTree = "<group>"; };
		80A7C0212A410B0C00AC7769 /* PetDataManager.swift */ = {isa = PBXFileReference; lastKnownFileType = sourcecode.swift; path = PetDataManager.swift; sourceTree = "<group>"; };
		80A7C0232A410CB100AC7769 /* AddPetViewModel.swift */ = {isa = PBXFileReference; lastKnownFileType = sourcecode.swift; path = AddPetViewModel.swift; sourceTree = "<group>"; };
		80A7C0252A410DFB00AC7769 /* PetDetailedViewModel.swift */ = {isa = PBXFileReference; lastKnownFileType = sourcecode.swift; path = PetDetailedViewModel.swift; sourceTree = "<group>"; };
		80AEE9212A4CD98500E65DAC /* TaskCardView.swift */ = {isa = PBXFileReference; lastKnownFileType = sourcecode.swift; path = TaskCardView.swift; sourceTree = "<group>"; };
		80AEE9232A4CDC4400E65DAC /* TasksListView.swift */ = {isa = PBXFileReference; lastKnownFileType = sourcecode.swift; path = TasksListView.swift; sourceTree = "<group>"; };
		9A45B3EE5FC6DC53C8D7A39D /* CreateTaskView.swift */ = {isa = PBXFileReference; lastKnownFileType = sourcecode.swift; path = CreateTaskView.swift; sourceTree = "<group>"; };
		C030D7372A4263C1007013A2 /* SettingsView.swift */ = {isa = PBXFileReference; fileEncoding = 4; lastKnownFileType = sourcecode.swift; path = SettingsView.swift; sourceTree = "<group>"; };
		C030D7392A4263C1007013A2 /* ThemeOption.swift */ = {isa = PBXFileReference; fileEncoding = 4; lastKnownFileType = sourcecode.swift; path = ThemeOption.swift; sourceTree = "<group>"; };
		C030D73A2A4263C1007013A2 /* UnselectedRadioIcon.swift */ = {isa = PBXFileReference; fileEncoding = 4; lastKnownFileType = sourcecode.swift; path = UnselectedRadioIcon.swift; sourceTree = "<group>"; };
		C030D73B2A4263C1007013A2 /* SelectedRadioIcon.swift */ = {isa = PBXFileReference; fileEncoding = 4; lastKnownFileType = sourcecode.swift; path = SelectedRadioIcon.swift; sourceTree = "<group>"; };
		C030D73C2A4263C1007013A2 /* ThemeSelector.swift */ = {isa = PBXFileReference; fileEncoding = 4; lastKnownFileType = sourcecode.swift; path = ThemeSelector.swift; sourceTree = "<group>"; };
		C08DB1CC2A2FDA0900636AEF /* DatePickerView.swift */ = {isa = PBXFileReference; lastKnownFileType = sourcecode.swift; path = DatePickerView.swift; sourceTree = "<group>"; };
		C08DB1D12A2FF5A400636AEF /* WeightPickerView.swift */ = {isa = PBXFileReference; lastKnownFileType = sourcecode.swift; path = WeightPickerView.swift; sourceTree = "<group>"; };
		C0AAD5522A37A23100054836 /* ButtonWeightPicker.swift */ = {isa = PBXFileReference; lastKnownFileType = sourcecode.swift; path = ButtonWeightPicker.swift; sourceTree = "<group>"; };
		C0EA9D342A31404F0007DD27 /* HomeViewWithPets.swift */ = {isa = PBXFileReference; lastKnownFileType = sourcecode.swift; path = HomeViewWithPets.swift; sourceTree = "<group>"; };
		C0F72D7B2A3D2A48003AE92C /* CustomNavigationViewModifiers.swift */ = {isa = PBXFileReference; lastKnownFileType = sourcecode.swift; path = CustomNavigationViewModifiers.swift; sourceTree = "<group>"; };
		D4CCA24F4D5FAA73D9C880AC /* TaskDataManager.swift */ = {isa = PBXFileReference; lastKnownFileType = sourcecode.swift; path = TaskDataManager.swift; sourceTree = "<group>"; };
		EF69A7F432AAADAE473F890D /* .swiftlint.yml */ = {isa = PBXFileReference; lastKnownFileType = text.yaml; path = .swiftlint.yml; sourceTree = "<group>"; };
		F5333CCD2A37B5E60073594B /* FormViewModel.swift */ = {isa = PBXFileReference; lastKnownFileType = sourcecode.swift; path = FormViewModel.swift; sourceTree = "<group>"; };
		F5333CD02A37CDDA0073594B /* EditPetView.swift */ = {isa = PBXFileReference; lastKnownFileType = sourcecode.swift; path = EditPetView.swift; sourceTree = "<group>"; };
		F5338F8A2A2FDE3800164841 /* specie.json */ = {isa = PBXFileReference; lastKnownFileType = text.json; path = specie.json; sourceTree = "<group>"; };
		F5338F8C2A2FEACE00164841 /* race.json */ = {isa = PBXFileReference; lastKnownFileType = text.json; path = race.json; sourceTree = "<group>"; };
		F5354DCC2A3155E40057F11F /* FormView.swift */ = {isa = PBXFileReference; lastKnownFileType = sourcecode.swift; path = FormView.swift; sourceTree = "<group>"; };
		F5354DCE2A3158230057F11F /* ImagePicker.swift */ = {isa = PBXFileReference; lastKnownFileType = sourcecode.swift; path = ImagePicker.swift; sourceTree = "<group>"; };
		F5A7E46A2A41251C00B2DF61 /* EditPetViewModel.swift */ = {isa = PBXFileReference; lastKnownFileType = sourcecode.swift; path = EditPetViewModel.swift; sourceTree = "<group>"; };
		F5F6CEE22A3A8C2A00458BC2 /* InputPicker.swift */ = {isa = PBXFileReference; fileEncoding = 4; lastKnownFileType = sourcecode.swift; path = InputPicker.swift; sourceTree = "<group>"; };
		F5F6CEE32A3A8C2A00458BC2 /* InputText.swift */ = {isa = PBXFileReference; fileEncoding = 4; lastKnownFileType = sourcecode.swift; path = InputText.swift; sourceTree = "<group>"; };
		F5F6CEE62A3A8DC800458BC2 /* SettingsView.swift */ = {isa = PBXFileReference; fileEncoding = 4; lastKnownFileType = sourcecode.swift; path = SettingsView.swift; sourceTree = "<group>"; };
		F5F6CEE82A3A8DE700458BC2 /* AddPetView.swift */ = {isa = PBXFileReference; fileEncoding = 4; lastKnownFileType = sourcecode.swift; path = AddPetView.swift; sourceTree = "<group>"; };
/* End PBXFileReference section */

/* Begin PBXFrameworksBuildPhase section */
		64A86CD62A20056B000F9AA0 /* Frameworks */ = {
			isa = PBXFrameworksBuildPhase;
			buildActionMask = 2147483647;
			files = (
			);
			runOnlyForDeploymentPostprocessing = 0;
		};
/* End PBXFrameworksBuildPhase section */

/* Begin PBXGroup section */
		642241D72A29669B006B3634 /* AddPet */ = {
			isa = PBXGroup;
			children = (
				F5F6CEE82A3A8DE700458BC2 /* AddPetView.swift */,
				80A7C0232A410CB100AC7769 /* AddPetViewModel.swift */,
			);
			path = AddPet;
			sourceTree = "<group>";
		};
		646D84442A202EFF00884CC2 /* Fonts */ = {
			isa = PBXGroup;
			children = (
				646D84472A202F9100884CC2 /* Poppins-Bold.ttf */,
				646D844D2A20316A00884CC2 /* Poppins-Medium.ttf */,
				646D84452A202F6C00884CC2 /* Poppins-Regular.ttf */,
				646D84492A202F9E00884CC2 /* Poppins-SemiBold.ttf */,
				646D844F2A20367A00884CC2 /* FontManager.swift */,
			);
			path = Fonts;
			sourceTree = "<group>";
		};
		64A86CD02A20056B000F9AA0 = {
			isa = PBXGroup;
			children = (
				64A86CDB2A20056B000F9AA0 /* LoveMyCapibara */,
				64A86CDA2A20056B000F9AA0 /* Products */,
				C030D7332A4262A6007013A2 /* Recovered References */,
			);
			sourceTree = "<group>";
		};
		64A86CDA2A20056B000F9AA0 /* Products */ = {
			isa = PBXGroup;
			children = (
				64A86CD92A20056B000F9AA0 /* LoveMyCapibara.app */,
			);
			name = Products;
			sourceTree = "<group>";
		};
		64A86CDB2A20056B000F9AA0 /* LoveMyCapibara */ = {
			isa = PBXGroup;
			children = (
				809D29582A3D2C57005BAE02 /* CoreData */,
				64A86CDC2A20056B000F9AA0 /* LoveMyCapibaraApp.swift */,
				64ED6EEE2A20097A00E428F1 /* Resources */,
				64ED6EEA2A2008F100E428F1 /* Models */,
				64ED6EED2A20094B00E428F1 /* Views */,
				64A86CE22A20056C000F9AA0 /* Preview Content */,
				EF69A7F432AAADAE473F890D /* .swiftlint.yml */,
			);
			path = LoveMyCapibara;
			sourceTree = "<group>";
		};
		64A86CE22A20056C000F9AA0 /* Preview Content */ = {
			isa = PBXGroup;
			children = (
				64A86CE32A20056C000F9AA0 /* Preview Assets.xcassets */,
			);
			path = "Preview Content";
			sourceTree = "<group>";
		};
		64DE71A12A2E88BF00B2CF26 /* PetDetailsView */ = {
			isa = PBXGroup;
			children = (
				647231942A2A973900857CA3 /* PetDetailsView.swift */,
				80A7C0252A410DFB00AC7769 /* PetDetailedViewModel.swift */,
				64DE71A22A2E88CC00B2CF26 /* Subviews */,
			);
			path = PetDetailsView;
			sourceTree = "<group>";
		};
		64DE71A22A2E88CC00B2CF26 /* Subviews */ = {
			isa = PBXGroup;
			children = (
				64DE71A32A2E88EE00B2CF26 /* PetAttributes.swift */,
				64DE71A52A2E894300B2CF26 /* AdicionalInfo.swift */,
				64DE71A72A2E899A00B2CF26 /* LabelsOfPet.swift */,
			);
			path = Subviews;
			sourceTree = "<group>";
		};
		64ED6EEA2A2008F100E428F1 /* Models */ = {
			isa = PBXGroup;
			children = (
				64473F322A218117000B5967 /* GenderModel.swift */,
				64473F342A218117000B5967 /* PetModel.swift */,
				64473F362A218117000B5967 /* RaceModel.swift */,
				64473F332A218117000B5967 /* SpecieModel.swift */,
				4D438854F679BF68CE2CFC1B /* TaskModel.swift */,
				60D2180F9C01D9E465A3D762 /* FrequencyModel.swift */,
				70C681DA15AEAD2BF0DF5FC3 /* RememberAtModel.swift */,
				5445A6F02CB530FEA9C53B5E /* TaskTypeModel.swift */,
			);
			path = Models;
			sourceTree = "<group>";
		};
		64ED6EED2A20094B00E428F1 /* Views */ = {
			isa = PBXGroup;
			children = (
				64ED6EF22A200AED00E428F1 /* Scenes */,
				64ED6EEF2A200ABA00E428F1 /* ReusableComponents */,
			);
			path = Views;
			sourceTree = "<group>";
		};
		64ED6EEE2A20097A00E428F1 /* Resources */ = {
			isa = PBXGroup;
			children = (
				64A86CE02A20056C000F9AA0 /* Assets.xcassets */,
				646D84442A202EFF00884CC2 /* Fonts */,
				F5338F8A2A2FDE3800164841 /* specie.json */,
				F5338F8C2A2FEACE00164841 /* race.json */,
			);
			path = Resources;
			sourceTree = "<group>";
		};
		64ED6EEF2A200ABA00E428F1 /* ReusableComponents */ = {
			isa = PBXGroup;
			children = (
				80AEE9252A4CE58200E65DAC /* TasksSection */,
				F5333CCA2A37B5900073594B /* FormView */,
				C0F72D782A3BDCB3003AE92C /* CustomNavBar */,
				646D84412A20208000884CC2 /* PetCardView.swift */,
				80A1EA372A3129FB00DF9EB6 /* CustomButton.swift */,
			);
			path = ReusableComponents;
			sourceTree = "<group>";
		};
		64ED6EF22A200AED00E428F1 /* Scenes */ = {
			isa = PBXGroup;
			children = (
				64A86CDE2A20056B000F9AA0 /* ContentView.swift */,
				C030D7362A4263C1007013A2 /* Settings */,
				64DE71A12A2E88BF00B2CF26 /* PetDetailsView */,
				F5333CCF2A37CDBA0073594B /* EditPet */,
				642241D72A29669B006B3634 /* AddPet */,
				64F7737A2A26AB62006384C2 /* Home */,
				B98D82017788948D8B16E0F6 /* CreateTask */,
			);
			path = Scenes;
			sourceTree = "<group>";
		};
		64F7737A2A26AB62006384C2 /* Home */ = {
			isa = PBXGroup;
			children = (
				64F7737B2A26AB9B006384C2 /* HomeViewModel.swift */,
				6418348C2A20385900825BA8 /* HomeView.swift */,
				C0EA9D332A313EFF0007DD27 /* SubView */,
			);
			path = Home;
			sourceTree = "<group>";
		};
		809D29582A3D2C57005BAE02 /* CoreData */ = {
			isa = PBXGroup;
			children = (
				809D295C2A3D2D13005BAE02 /* CoreDataManager.swift */,
				80A7C0212A410B0C00AC7769 /* PetDataManager.swift */,
				80A7C01E2A40F99200AC7769 /* PetCoreData.xcdatamodeld */,
				D4CCA24F4D5FAA73D9C880AC /* TaskDataManager.swift */,
			);
			path = CoreData;
			sourceTree = "<group>";
		};
		80AEE9252A4CE58200E65DAC /* TasksSection */ = {
			isa = PBXGroup;
			children = (
				80AEE9232A4CDC4400E65DAC /* TasksListView.swift */,
				80A13C852A4E37580038CBED /* TasksListViewModel.swift */,
				80AEE9272A4CF8E400E65DAC /* Subviews */,
			);
			path = TasksSection;
			sourceTree = "<group>";
		};
		80AEE9272A4CF8E400E65DAC /* Subviews */ = {
			isa = PBXGroup;
			children = (
				80AEE9212A4CD98500E65DAC /* TaskCardView.swift */,
			);
			path = Subviews;
			sourceTree = "<group>";
		};
		B98D82017788948D8B16E0F6 /* CreateTask */ = {
			isa = PBXGroup;
			children = (
				9A45B3EE5FC6DC53C8D7A39D /* CreateTaskView.swift */,
			);
			path = CreateTask;
			sourceTree = "<group>";
		};
		C030D7332A4262A6007013A2 /* Recovered References */ = {
			isa = PBXGroup;
			children = (
				642442572A2955630052E0C8 /* ThemeSelector.swift */,
				642442512A2951FC0052E0C8 /* UnselectedRadioIcon.swift */,
				642442552A29541C0052E0C8 /* ThemeOption.swift */,
				F5F6CEE62A3A8DC800458BC2 /* SettingsView.swift */,
				642442532A2952100052E0C8 /* SelectedRadioIcon.swift */,
			);
			name = "Recovered References";
			sourceTree = "<group>";
		};
		C030D7362A4263C1007013A2 /* Settings */ = {
			isa = PBXGroup;
			children = (
				C030D7372A4263C1007013A2 /* SettingsView.swift */,
				C030D7382A4263C1007013A2 /* Subviews */,
			);
			path = Settings;
			sourceTree = "<group>";
		};
		C030D7382A4263C1007013A2 /* Subviews */ = {
			isa = PBXGroup;
			children = (
				C030D7392A4263C1007013A2 /* ThemeOption.swift */,
				C030D73A2A4263C1007013A2 /* UnselectedRadioIcon.swift */,
				C030D73B2A4263C1007013A2 /* SelectedRadioIcon.swift */,
				C030D73C2A4263C1007013A2 /* ThemeSelector.swift */,
			);
			path = Subviews;
			sourceTree = "<group>";
		};
		C0EA9D332A313EFF0007DD27 /* SubView */ = {
			isa = PBXGroup;
			children = (
				C0EA9D342A31404F0007DD27 /* HomeViewWithPets.swift */,
				6483B5922A2806A2001915D5 /* HomeViewWithoutPets.swift */,
			);
			path = SubView;
			sourceTree = "<group>";
		};
		C0F72D782A3BDCB3003AE92C /* CustomNavBar */ = {
			isa = PBXGroup;
			children = (
				C0F72D7B2A3D2A48003AE92C /* CustomNavigationViewModifiers.swift */,
			);
			path = CustomNavBar;
			sourceTree = "<group>";
		};
		F52ADBDA2A392634009AA823 /* Subviews */ = {
			isa = PBXGroup;
			children = (
				F5F6CEE22A3A8C2A00458BC2 /* InputPicker.swift */,
				F5F6CEE32A3A8C2A00458BC2 /* InputText.swift */,
				C08DB1D12A2FF5A400636AEF /* WeightPickerView.swift */,
				C08DB1CC2A2FDA0900636AEF /* DatePickerView.swift */,
				C0AAD5522A37A23100054836 /* ButtonWeightPicker.swift */,
				F5354DCE2A3158230057F11F /* ImagePicker.swift */,
			);
			path = Subviews;
			sourceTree = "<group>";
		};
		F5333CCA2A37B5900073594B /* FormView */ = {
			isa = PBXGroup;
			children = (
				F52ADBDA2A392634009AA823 /* Subviews */,
				F5354DCC2A3155E40057F11F /* FormView.swift */,
				F5333CCD2A37B5E60073594B /* FormViewModel.swift */,
			);
			path = FormView;
			sourceTree = "<group>";
		};
		F5333CCF2A37CDBA0073594B /* EditPet */ = {
			isa = PBXGroup;
			children = (
				F5333CD02A37CDDA0073594B /* EditPetView.swift */,
				F5A7E46A2A41251C00B2DF61 /* EditPetViewModel.swift */,
			);
			path = EditPet;
			sourceTree = "<group>";
		};
/* End PBXGroup section */

/* Begin PBXNativeTarget section */
		64A86CD82A20056B000F9AA0 /* LoveMyCapibara */ = {
			isa = PBXNativeTarget;
			buildConfigurationList = 64A86CE72A20056C000F9AA0 /* Build configuration list for PBXNativeTarget "LoveMyCapibara" */;
			buildPhases = (
				64A86CD52A20056B000F9AA0 /* Sources */,
				64A86CD62A20056B000F9AA0 /* Frameworks */,
				64A86CD72A20056B000F9AA0 /* Resources */,
				3E43CA7BC6086B660A312533 /* Run SwifLint */,
			);
			buildRules = (
			);
			dependencies = (
			);
			name = LoveMyCapibara;
			productName = LoveMyCapibara;
			productReference = 64A86CD92A20056B000F9AA0 /* LoveMyCapibara.app */;
			productType = "com.apple.product-type.application";
		};
/* End PBXNativeTarget section */

/* Begin PBXProject section */
		64A86CD12A20056B000F9AA0 /* Project object */ = {
			isa = PBXProject;
			attributes = {
				BuildIndependentTargetsInParallel = 1;
				LastSwiftUpdateCheck = 1420;
				LastUpgradeCheck = 1420;
				TargetAttributes = {
					64A86CD82A20056B000F9AA0 = {
						CreatedOnToolsVersion = 14.2;
					};
				};
			};
			buildConfigurationList = 64A86CD42A20056B000F9AA0 /* Build configuration list for PBXProject "LoveMyCapibara" */;
			compatibilityVersion = "Xcode 14.0";
			developmentRegion = en;
			hasScannedForEncodings = 0;
			knownRegions = (
				en,
				Base,
			);
			mainGroup = 64A86CD02A20056B000F9AA0;
			productRefGroup = 64A86CDA2A20056B000F9AA0 /* Products */;
			projectDirPath = "";
			projectRoot = "";
			targets = (
				64A86CD82A20056B000F9AA0 /* LoveMyCapibara */,
			);
		};
/* End PBXProject section */

/* Begin PBXResourcesBuildPhase section */
		64A86CD72A20056B000F9AA0 /* Resources */ = {
			isa = PBXResourcesBuildPhase;
			buildActionMask = 2147483647;
			files = (
				F5338F8B2A2FDE3800164841 /* specie.json in Resources */,
				64A86CE42A20056C000F9AA0 /* Preview Assets.xcassets in Resources */,
				646D84482A202F9100884CC2 /* Poppins-Bold.ttf in Resources */,
				646D844A2A202F9E00884CC2 /* Poppins-SemiBold.ttf in Resources */,
				F5338F8D2A2FEACE00164841 /* race.json in Resources */,
				64A86CE12A20056C000F9AA0 /* Assets.xcassets in Resources */,
				646D844E2A20316A00884CC2 /* Poppins-Medium.ttf in Resources */,
				646D84462A202F6C00884CC2 /* Poppins-Regular.ttf in Resources */,
				9740BE7D258EB7BF4BE51A46 /* .swiftlint.yml in Resources */,
			);
			runOnlyForDeploymentPostprocessing = 0;
		};
/* End PBXResourcesBuildPhase section */

/* Begin PBXShellScriptBuildPhase section */
		3E43CA7BC6086B660A312533 /* Run SwifLint */ = {
			isa = PBXShellScriptBuildPhase;
			alwaysOutOfDate = 1;
			buildActionMask = 12;
			files = (
			);
			inputFileListPaths = (
			);
			inputPaths = (
			);
			name = "Run SwifLint";
			outputFileListPaths = (
			);
			outputPaths = (
			);
			runOnlyForDeploymentPostprocessing = 0;
			shellPath = /bin/sh;
			shellScript = "if [[ \"$(uname -m)\" == arm64 ]]; then\n    export PATH=\"/opt/homebrew/bin:$PATH\"\nfi\n    \nif which swiftlint > /dev/null; then\n  swiftlint\nelse\n  echo \"warning: SwiftLint not installed, download from https://github.com/realm/SwiftLint\"\nfi\n";
		};
/* End PBXShellScriptBuildPhase section */

/* Begin PBXSourcesBuildPhase section */
		64A86CD52A20056B000F9AA0 /* Sources */ = {
			isa = PBXSourcesBuildPhase;
			buildActionMask = 2147483647;
			files = (
				C030D73F2A4263C1007013A2 /* UnselectedRadioIcon.swift in Sources */,
				80C10E222A425C5C001A1A6B /* EditPetViewModel.swift in Sources */,
				F5C649D52A3A5C6E00B4F3CB /* HomeViewWithPets.swift in Sources */,
				C0F72D7C2A3D2A48003AE92C /* CustomNavigationViewModifiers.swift in Sources */,
				F5C649D42A3A5C5300B4F3CB /* HomeViewModel.swift in Sources */,
				80AEE9222A4CD98500E65DAC /* TaskCardView.swift in Sources */,
				64473F3B2A218117000B5967 /* RaceModel.swift in Sources */,
				F5F6CEE92A3A8DE700458BC2 /* AddPetView.swift in Sources */,
				64DE71A62A2E894300B2CF26 /* AdicionalInfo.swift in Sources */,
				C030D73E2A4263C1007013A2 /* ThemeOption.swift in Sources */,
				F5F6CEE52A3A8C2A00458BC2 /* InputText.swift in Sources */,
				C08DB1D22A2FF5A400636AEF /* WeightPickerView.swift in Sources */,
				80A7C0202A40F99200AC7769 /* PetCoreData.xcdatamodeld in Sources */,
				64473F372A218117000B5967 /* GenderModel.swift in Sources */,
				80A1EA382A3129FB00DF9EB6 /* CustomButton.swift in Sources */,
				6483B5932A2806A2001915D5 /* HomeViewWithoutPets.swift in Sources */,
				C030D7412A4263C1007013A2 /* ThemeSelector.swift in Sources */,
				80A7C0242A410CB100AC7769 /* AddPetViewModel.swift in Sources */,
				809D295D2A3D2D13005BAE02 /* CoreDataManager.swift in Sources */,
				80A7C0222A410B0C00AC7769 /* PetDataManager.swift in Sources */,
				F5333CD12A37CDDA0073594B /* EditPetView.swift in Sources */,
				6418348D2A20385900825BA8 /* HomeView.swift in Sources */,
				C08DB1CD2A2FDA0900636AEF /* DatePickerView.swift in Sources */,
				64A86CDF2A20056B000F9AA0 /* ContentView.swift in Sources */,
				646D84422A20208000884CC2 /* PetCardView.swift in Sources */,
				80AEE9242A4CDC4400E65DAC /* TasksListView.swift in Sources */,
				646D84502A20367A00884CC2 /* FontManager.swift in Sources */,
				64DE71A82A2E899A00B2CF26 /* LabelsOfPet.swift in Sources */,
				647231952A2A973900857CA3 /* PetDetailsView.swift in Sources */,
				80A13C862A4E37580038CBED /* TasksListViewModel.swift in Sources */,
				64473F382A218117000B5967 /* SpecieModel.swift in Sources */,
				F5354DCD2A3155E40057F11F /* FormView.swift in Sources */,
				F5354DCF2A3158230057F11F /* ImagePicker.swift in Sources */,
				80A7C0262A410DFB00AC7769 /* PetDetailedViewModel.swift in Sources */,
				F5333CCE2A37B5E60073594B /* FormViewModel.swift in Sources */,
				C030D7402A4263C1007013A2 /* SelectedRadioIcon.swift in Sources */,
				C030D73D2A4263C1007013A2 /* SettingsView.swift in Sources */,
				64473F392A218117000B5967 /* PetModel.swift in Sources */,
				C0AAD5532A37A23100054836 /* ButtonWeightPicker.swift in Sources */,
				64A86CDD2A20056B000F9AA0 /* LoveMyCapibaraApp.swift in Sources */,
				64DE71A42A2E88EE00B2CF26 /* PetAttributes.swift in Sources */,
				F5F6CEE42A3A8C2A00458BC2 /* InputPicker.swift in Sources */,
				9397CA90464FFCA6C18732E3 /* CreateTaskView.swift in Sources */,
				77C42E74C7401B2B399FE1A3 /* TaskTypeModel.swift in Sources */,
				89B96C24EA18DF140E2587BC /* TaskModel.swift in Sources */,
				9C775C1E81466B0F959DFC19 /* FrequencyModel.swift in Sources */,
				0D46C17E81C70EB64E8C9759 /* TaskDataManager.swift in Sources */,
				437BA1C6435AC08C51560D9F /* RememberAtModel.swift in Sources */,
			);
			runOnlyForDeploymentPostprocessing = 0;
		};
/* End PBXSourcesBuildPhase section */

/* Begin XCBuildConfiguration section */
		64A86CE52A20056C000F9AA0 /* Debug */ = {
			isa = XCBuildConfiguration;
			buildSettings = {
				ALWAYS_SEARCH_USER_PATHS = NO;
				CLANG_ANALYZER_NONNULL = YES;
				CLANG_ANALYZER_NUMBER_OBJECT_CONVERSION = YES_AGGRESSIVE;
				CLANG_CXX_LANGUAGE_STANDARD = "gnu++20";
				CLANG_ENABLE_MODULES = YES;
				CLANG_ENABLE_OBJC_ARC = YES;
				CLANG_ENABLE_OBJC_WEAK = YES;
				CLANG_WARN_BLOCK_CAPTURE_AUTORELEASING = YES;
				CLANG_WARN_BOOL_CONVERSION = YES;
				CLANG_WARN_COMMA = YES;
				CLANG_WARN_CONSTANT_CONVERSION = YES;
				CLANG_WARN_DEPRECATED_OBJC_IMPLEMENTATIONS = YES;
				CLANG_WARN_DIRECT_OBJC_ISA_USAGE = YES_ERROR;
				CLANG_WARN_DOCUMENTATION_COMMENTS = YES;
				CLANG_WARN_EMPTY_BODY = YES;
				CLANG_WARN_ENUM_CONVERSION = YES;
				CLANG_WARN_INFINITE_RECURSION = YES;
				CLANG_WARN_INT_CONVERSION = YES;
				CLANG_WARN_NON_LITERAL_NULL_CONVERSION = YES;
				CLANG_WARN_OBJC_IMPLICIT_RETAIN_SELF = YES;
				CLANG_WARN_OBJC_LITERAL_CONVERSION = YES;
				CLANG_WARN_OBJC_ROOT_CLASS = YES_ERROR;
				CLANG_WARN_QUOTED_INCLUDE_IN_FRAMEWORK_HEADER = YES;
				CLANG_WARN_RANGE_LOOP_ANALYSIS = YES;
				CLANG_WARN_STRICT_PROTOTYPES = YES;
				CLANG_WARN_SUSPICIOUS_MOVE = YES;
				CLANG_WARN_UNGUARDED_AVAILABILITY = YES_AGGRESSIVE;
				CLANG_WARN_UNREACHABLE_CODE = YES;
				CLANG_WARN__DUPLICATE_METHOD_MATCH = YES;
				COPY_PHASE_STRIP = NO;
				DEBUG_INFORMATION_FORMAT = dwarf;
				ENABLE_STRICT_OBJC_MSGSEND = YES;
				ENABLE_TESTABILITY = YES;
				GCC_C_LANGUAGE_STANDARD = gnu11;
				GCC_DYNAMIC_NO_PIC = NO;
				GCC_NO_COMMON_BLOCKS = YES;
				GCC_OPTIMIZATION_LEVEL = 0;
				GCC_PREPROCESSOR_DEFINITIONS = (
					"DEBUG=1",
					"$(inherited)",
				);
				GCC_WARN_64_TO_32_BIT_CONVERSION = YES;
				GCC_WARN_ABOUT_RETURN_TYPE = YES_ERROR;
				GCC_WARN_UNDECLARED_SELECTOR = YES;
				GCC_WARN_UNINITIALIZED_AUTOS = YES_AGGRESSIVE;
				GCC_WARN_UNUSED_FUNCTION = YES;
				GCC_WARN_UNUSED_VARIABLE = YES;
				IPHONEOS_DEPLOYMENT_TARGET = 16.2;
				MTL_ENABLE_DEBUG_INFO = INCLUDE_SOURCE;
				MTL_FAST_MATH = YES;
				ONLY_ACTIVE_ARCH = YES;
				SDKROOT = iphoneos;
				SWIFT_ACTIVE_COMPILATION_CONDITIONS = DEBUG;
				SWIFT_OPTIMIZATION_LEVEL = "-Onone";
			};
			name = Debug;
		};
		64A86CE62A20056C000F9AA0 /* Release */ = {
			isa = XCBuildConfiguration;
			buildSettings = {
				ALWAYS_SEARCH_USER_PATHS = NO;
				CLANG_ANALYZER_NONNULL = YES;
				CLANG_ANALYZER_NUMBER_OBJECT_CONVERSION = YES_AGGRESSIVE;
				CLANG_CXX_LANGUAGE_STANDARD = "gnu++20";
				CLANG_ENABLE_MODULES = YES;
				CLANG_ENABLE_OBJC_ARC = YES;
				CLANG_ENABLE_OBJC_WEAK = YES;
				CLANG_WARN_BLOCK_CAPTURE_AUTORELEASING = YES;
				CLANG_WARN_BOOL_CONVERSION = YES;
				CLANG_WARN_COMMA = YES;
				CLANG_WARN_CONSTANT_CONVERSION = YES;
				CLANG_WARN_DEPRECATED_OBJC_IMPLEMENTATIONS = YES;
				CLANG_WARN_DIRECT_OBJC_ISA_USAGE = YES_ERROR;
				CLANG_WARN_DOCUMENTATION_COMMENTS = YES;
				CLANG_WARN_EMPTY_BODY = YES;
				CLANG_WARN_ENUM_CONVERSION = YES;
				CLANG_WARN_INFINITE_RECURSION = YES;
				CLANG_WARN_INT_CONVERSION = YES;
				CLANG_WARN_NON_LITERAL_NULL_CONVERSION = YES;
				CLANG_WARN_OBJC_IMPLICIT_RETAIN_SELF = YES;
				CLANG_WARN_OBJC_LITERAL_CONVERSION = YES;
				CLANG_WARN_OBJC_ROOT_CLASS = YES_ERROR;
				CLANG_WARN_QUOTED_INCLUDE_IN_FRAMEWORK_HEADER = YES;
				CLANG_WARN_RANGE_LOOP_ANALYSIS = YES;
				CLANG_WARN_STRICT_PROTOTYPES = YES;
				CLANG_WARN_SUSPICIOUS_MOVE = YES;
				CLANG_WARN_UNGUARDED_AVAILABILITY = YES_AGGRESSIVE;
				CLANG_WARN_UNREACHABLE_CODE = YES;
				CLANG_WARN__DUPLICATE_METHOD_MATCH = YES;
				COPY_PHASE_STRIP = NO;
				DEBUG_INFORMATION_FORMAT = "dwarf-with-dsym";
				ENABLE_NS_ASSERTIONS = NO;
				ENABLE_STRICT_OBJC_MSGSEND = YES;
				GCC_C_LANGUAGE_STANDARD = gnu11;
				GCC_NO_COMMON_BLOCKS = YES;
				GCC_WARN_64_TO_32_BIT_CONVERSION = YES;
				GCC_WARN_ABOUT_RETURN_TYPE = YES_ERROR;
				GCC_WARN_UNDECLARED_SELECTOR = YES;
				GCC_WARN_UNINITIALIZED_AUTOS = YES_AGGRESSIVE;
				GCC_WARN_UNUSED_FUNCTION = YES;
				GCC_WARN_UNUSED_VARIABLE = YES;
				IPHONEOS_DEPLOYMENT_TARGET = 16.2;
				MTL_ENABLE_DEBUG_INFO = NO;
				MTL_FAST_MATH = YES;
				SDKROOT = iphoneos;
				SWIFT_COMPILATION_MODE = wholemodule;
				SWIFT_OPTIMIZATION_LEVEL = "-O";
				VALIDATE_PRODUCT = YES;
			};
			name = Release;
		};
		64A86CE82A20056C000F9AA0 /* Debug */ = {
			isa = XCBuildConfiguration;
			buildSettings = {
				ASSETCATALOG_COMPILER_APPICON_NAME = AppIcon;
				ASSETCATALOG_COMPILER_GLOBAL_ACCENT_COLOR_NAME = AccentColor;
				CODE_SIGN_STYLE = Automatic;
				CURRENT_PROJECT_VERSION = 1;
				DEVELOPMENT_ASSET_PATHS = "\"LoveMyCapibara/Preview Content\"";
				DEVELOPMENT_TEAM = 67CS5JS69U;
				ENABLE_PREVIEWS = YES;
				GENERATE_INFOPLIST_FILE = YES;
				INFOPLIST_FILE = LoveMyCapibara/Info.plist;
				INFOPLIST_KEY_CFBundleDisplayName = "";
				INFOPLIST_KEY_UIApplicationSceneManifest_Generation = YES;
				INFOPLIST_KEY_UIApplicationSupportsIndirectInputEvents = YES;
				INFOPLIST_KEY_UILaunchScreen_Generation = YES;
				INFOPLIST_KEY_UIStatusBarStyle = "";
				INFOPLIST_KEY_UISupportedInterfaceOrientations_iPad = "UIInterfaceOrientationPortrait UIInterfaceOrientationPortraitUpsideDown UIInterfaceOrientationLandscapeLeft UIInterfaceOrientationLandscapeRight";
				INFOPLIST_KEY_UISupportedInterfaceOrientations_iPhone = "UIInterfaceOrientationPortrait UIInterfaceOrientationLandscapeLeft UIInterfaceOrientationLandscapeRight";
				LD_RUNPATH_SEARCH_PATHS = (
					"$(inherited)",
					"@executable_path/Frameworks",
				);
				MARKETING_VERSION = 1.0;
				PRODUCT_BUNDLE_IDENTIFIER = AppleResidence.LoveMyCapibara;
				PRODUCT_NAME = "$(TARGET_NAME)";
				SWIFT_EMIT_LOC_STRINGS = YES;
				SWIFT_VERSION = 5.0;
				TARGETED_DEVICE_FAMILY = "1,2";
			};
			name = Debug;
		};
		64A86CE92A20056C000F9AA0 /* Release */ = {
			isa = XCBuildConfiguration;
			buildSettings = {
				ASSETCATALOG_COMPILER_APPICON_NAME = AppIcon;
				ASSETCATALOG_COMPILER_GLOBAL_ACCENT_COLOR_NAME = AccentColor;
				CODE_SIGN_STYLE = Automatic;
				CURRENT_PROJECT_VERSION = 1;
				DEVELOPMENT_ASSET_PATHS = "\"LoveMyCapibara/Preview Content\"";
				DEVELOPMENT_TEAM = 67CS5JS69U;
				ENABLE_PREVIEWS = YES;
				GENERATE_INFOPLIST_FILE = YES;
				INFOPLIST_FILE = LoveMyCapibara/Info.plist;
				INFOPLIST_KEY_CFBundleDisplayName = "";
				INFOPLIST_KEY_UIApplicationSceneManifest_Generation = YES;
				INFOPLIST_KEY_UIApplicationSupportsIndirectInputEvents = YES;
				INFOPLIST_KEY_UILaunchScreen_Generation = YES;
				INFOPLIST_KEY_UIStatusBarStyle = "";
				INFOPLIST_KEY_UISupportedInterfaceOrientations_iPad = "UIInterfaceOrientationPortrait UIInterfaceOrientationPortraitUpsideDown UIInterfaceOrientationLandscapeLeft UIInterfaceOrientationLandscapeRight";
				INFOPLIST_KEY_UISupportedInterfaceOrientations_iPhone = "UIInterfaceOrientationPortrait UIInterfaceOrientationLandscapeLeft UIInterfaceOrientationLandscapeRight";
				LD_RUNPATH_SEARCH_PATHS = (
					"$(inherited)",
					"@executable_path/Frameworks",
				);
				MARKETING_VERSION = 1.0;
				PRODUCT_BUNDLE_IDENTIFIER = AppleResidence.LoveMyCapibara;
				PRODUCT_NAME = "$(TARGET_NAME)";
				SWIFT_EMIT_LOC_STRINGS = YES;
				SWIFT_VERSION = 5.0;
				TARGETED_DEVICE_FAMILY = "1,2";
			};
			name = Release;
		};
/* End XCBuildConfiguration section */

/* Begin XCConfigurationList section */
		64A86CD42A20056B000F9AA0 /* Build configuration list for PBXProject "LoveMyCapibara" */ = {
			isa = XCConfigurationList;
			buildConfigurations = (
				64A86CE52A20056C000F9AA0 /* Debug */,
				64A86CE62A20056C000F9AA0 /* Release */,
			);
			defaultConfigurationIsVisible = 0;
			defaultConfigurationName = Release;
		};
		64A86CE72A20056C000F9AA0 /* Build configuration list for PBXNativeTarget "LoveMyCapibara" */ = {
			isa = XCConfigurationList;
			buildConfigurations = (
				64A86CE82A20056C000F9AA0 /* Debug */,
				64A86CE92A20056C000F9AA0 /* Release */,
			);
			defaultConfigurationIsVisible = 0;
			defaultConfigurationName = Release;
		};
/* End XCConfigurationList section */

/* Begin XCVersionGroup section */
		80A7C01E2A40F99200AC7769 /* PetCoreData.xcdatamodeld */ = {
			isa = XCVersionGroup;
			children = (
				80A7C01F2A40F99200AC7769 /* PetCoreData.xcdatamodel */,
			);
			currentVersion = 80A7C01F2A40F99200AC7769 /* PetCoreData.xcdatamodel */;
			path = PetCoreData.xcdatamodeld;
			sourceTree = "<group>";
			versionGroupType = wrapper.xcdatamodel;
		};
/* End XCVersionGroup section */
	};
	rootObject = 64A86CD12A20056B000F9AA0 /* Project object */;
}
