// !$*UTF8*$!
{
	archiveVersion = 1;
	classes = {
	};
	objectVersion = 56;
	objects = {

/* Begin PBXBuildFile section */
		6418348D2A20385900825BA8 /* HomeView.swift in Sources */ = {isa = PBXBuildFile; fileRef = 6418348C2A20385900825BA8 /* HomeView.swift */; };
		6418348F2A20387100825BA8 /* SettingsView.swift in Sources */ = {isa = PBXBuildFile; fileRef = 6418348E2A20387100825BA8 /* SettingsView.swift */; };
		64473F372A218117000B5967 /* GenderModel.swift in Sources */ = {isa = PBXBuildFile; fileRef = 64473F322A218117000B5967 /* GenderModel.swift */; };
		64473F382A218117000B5967 /* SpecieModel.swift in Sources */ = {isa = PBXBuildFile; fileRef = 64473F332A218117000B5967 /* SpecieModel.swift */; };
		64473F392A218117000B5967 /* PetModel.swift in Sources */ = {isa = PBXBuildFile; fileRef = 64473F342A218117000B5967 /* PetModel.swift */; };
		64473F3B2A218117000B5967 /* RaceModel.swift in Sources */ = {isa = PBXBuildFile; fileRef = 64473F362A218117000B5967 /* RaceModel.swift */; };
		646D84422A20208000884CC2 /* PetCardView.swift in Sources */ = {isa = PBXBuildFile; fileRef = 646D84412A20208000884CC2 /* PetCardView.swift */; };
		646D84462A202F6C00884CC2 /* Poppins-Regular.ttf in Resources */ = {isa = PBXBuildFile; fileRef = 646D84452A202F6C00884CC2 /* Poppins-Regular.ttf */; };
		646D84482A202F9100884CC2 /* Poppins-Bold.ttf in Resources */ = {isa = PBXBuildFile; fileRef = 646D84472A202F9100884CC2 /* Poppins-Bold.ttf */; };
		646D844A2A202F9E00884CC2 /* Poppins-SemiBold.ttf in Resources */ = {isa = PBXBuildFile; fileRef = 646D84492A202F9E00884CC2 /* Poppins-SemiBold.ttf */; };
		646D844E2A20316A00884CC2 /* Poppins-Medium.ttf in Resources */ = {isa = PBXBuildFile; fileRef = 646D844D2A20316A00884CC2 /* Poppins-Medium.ttf */; };
		646D84502A20367A00884CC2 /* FontManager.swift in Sources */ = {isa = PBXBuildFile; fileRef = 646D844F2A20367A00884CC2 /* FontManager.swift */; };
		64A86CDD2A20056B000F9AA0 /* LoveMyCapibaraApp.swift in Sources */ = {isa = PBXBuildFile; fileRef = 64A86CDC2A20056B000F9AA0 /* LoveMyCapibaraApp.swift */; };
		64A86CDF2A20056B000F9AA0 /* ContentView.swift in Sources */ = {isa = PBXBuildFile; fileRef = 64A86CDE2A20056B000F9AA0 /* ContentView.swift */; };
		64A86CE12A20056C000F9AA0 /* Assets.xcassets in Resources */ = {isa = PBXBuildFile; fileRef = 64A86CE02A20056C000F9AA0 /* Assets.xcassets */; };
		64A86CE42A20056C000F9AA0 /* Preview Assets.xcassets in Resources */ = {isa = PBXBuildFile; fileRef = 64A86CE32A20056C000F9AA0 /* Preview Assets.xcassets */; };
		C08DB1CD2A2FDA0900636AEF /* DatePickerView.swift in Sources */ = {isa = PBXBuildFile; fileRef = C08DB1CC2A2FDA0900636AEF /* DatePickerView.swift */; };
		C08DB1D22A2FF5A400636AEF /* WeightPickerView.swift in Sources */ = {isa = PBXBuildFile; fileRef = C08DB1D12A2FF5A400636AEF /* WeightPickerView.swift */; };
		C0AAD5532A37A23100054836 /* ButtonWeightPicker.swift in Sources */ = {isa = PBXBuildFile; fileRef = C0AAD5522A37A23100054836 /* ButtonWeightPicker.swift */; };
/* End PBXBuildFile section */

/* Begin PBXFileReference section */
		6418348C2A20385900825BA8 /* HomeView.swift */ = {isa = PBXFileReference; lastKnownFileType = sourcecode.swift; path = HomeView.swift; sourceTree = "<group>"; };
		6418348E2A20387100825BA8 /* SettingsView.swift */ = {isa = PBXFileReference; lastKnownFileType = sourcecode.swift; path = SettingsView.swift; sourceTree = "<group>"; };
		64473F322A218117000B5967 /* GenderModel.swift */ = {isa = PBXFileReference; fileEncoding = 4; lastKnownFileType = sourcecode.swift; path = GenderModel.swift; sourceTree = "<group>"; };
		64473F332A218117000B5967 /* SpecieModel.swift */ = {isa = PBXFileReference; fileEncoding = 4; lastKnownFileType = sourcecode.swift; path = SpecieModel.swift; sourceTree = "<group>"; };
		64473F342A218117000B5967 /* PetModel.swift */ = {isa = PBXFileReference; fileEncoding = 4; lastKnownFileType = sourcecode.swift; path = PetModel.swift; sourceTree = "<group>"; };
		64473F362A218117000B5967 /* RaceModel.swift */ = {isa = PBXFileReference; fileEncoding = 4; lastKnownFileType = sourcecode.swift; path = RaceModel.swift; sourceTree = "<group>"; };
		646D84412A20208000884CC2 /* PetCardView.swift */ = {isa = PBXFileReference; fileEncoding = 4; lastKnownFileType = sourcecode.swift; path = PetCardView.swift; sourceTree = "<group>"; };
		646D84452A202F6C00884CC2 /* Poppins-Regular.ttf */ = {isa = PBXFileReference; lastKnownFileType = file; path = "Poppins-Regular.ttf"; sourceTree = "<group>"; };
		646D84472A202F9100884CC2 /* Poppins-Bold.ttf */ = {isa = PBXFileReference; lastKnownFileType = file; path = "Poppins-Bold.ttf"; sourceTree = "<group>"; };
		646D84492A202F9E00884CC2 /* Poppins-SemiBold.ttf */ = {isa = PBXFileReference; lastKnownFileType = file; path = "Poppins-SemiBold.ttf"; sourceTree = "<group>"; };
		646D844D2A20316A00884CC2 /* Poppins-Medium.ttf */ = {isa = PBXFileReference; lastKnownFileType = file; path = "Poppins-Medium.ttf"; sourceTree = "<group>"; };
		646D844F2A20367A00884CC2 /* FontManager.swift */ = {isa = PBXFileReference; lastKnownFileType = sourcecode.swift; path = FontManager.swift; sourceTree = "<group>"; };
		64A86CD92A20056B000F9AA0 /* LoveMyCapibara.app */ = {isa = PBXFileReference; explicitFileType = wrapper.application; includeInIndex = 0; path = LoveMyCapibara.app; sourceTree = BUILT_PRODUCTS_DIR; };
		64A86CDC2A20056B000F9AA0 /* LoveMyCapibaraApp.swift */ = {isa = PBXFileReference; lastKnownFileType = sourcecode.swift; path = LoveMyCapibaraApp.swift; sourceTree = "<group>"; };
		64A86CDE2A20056B000F9AA0 /* ContentView.swift */ = {isa = PBXFileReference; lastKnownFileType = sourcecode.swift; path = ContentView.swift; sourceTree = "<group>"; };
		64A86CE02A20056C000F9AA0 /* Assets.xcassets */ = {isa = PBXFileReference; lastKnownFileType = folder.assetcatalog; path = Assets.xcassets; sourceTree = "<group>"; };
		64A86CE32A20056C000F9AA0 /* Preview Assets.xcassets */ = {isa = PBXFileReference; lastKnownFileType = folder.assetcatalog; path = "Preview Assets.xcassets"; sourceTree = "<group>"; };
		C08DB1CC2A2FDA0900636AEF /* DatePickerView.swift */ = {isa = PBXFileReference; lastKnownFileType = sourcecode.swift; path = DatePickerView.swift; sourceTree = "<group>"; };
		C08DB1D12A2FF5A400636AEF /* WeightPickerView.swift */ = {isa = PBXFileReference; lastKnownFileType = sourcecode.swift; path = WeightPickerView.swift; sourceTree = "<group>"; };
		C0AAD5522A37A23100054836 /* ButtonWeightPicker.swift */ = {isa = PBXFileReference; lastKnownFileType = sourcecode.swift; path = ButtonWeightPicker.swift; sourceTree = "<group>"; };
/* End PBXFileReference section */

/* Begin PBXFrameworksBuildPhase section */
		64A86CD62A20056B000F9AA0 /* Frameworks */ = {
			isa = PBXFrameworksBuildPhase;
			buildActionMask = 2147483647;
			files = (
			);
			runOnlyForDeploymentPostprocessing = 0;
		};
/* End PBXFrameworksBuildPhase section */

/* Begin PBXGroup section */
		646D84442A202EFF00884CC2 /* Fonts */ = {
			isa = PBXGroup;
			children = (
				646D84472A202F9100884CC2 /* Poppins-Bold.ttf */,
				646D844D2A20316A00884CC2 /* Poppins-Medium.ttf */,
				646D84452A202F6C00884CC2 /* Poppins-Regular.ttf */,
				646D84492A202F9E00884CC2 /* Poppins-SemiBold.ttf */,
				646D844F2A20367A00884CC2 /* FontManager.swift */,
			);
			path = Fonts;
			sourceTree = "<group>";
		};
		64A86CD02A20056B000F9AA0 = {
			isa = PBXGroup;
			children = (
				64A86CDB2A20056B000F9AA0 /* LoveMyCapibara */,
				64A86CDA2A20056B000F9AA0 /* Products */,
			);
			sourceTree = "<group>";
		};
		64A86CDA2A20056B000F9AA0 /* Products */ = {
			isa = PBXGroup;
			children = (
				64A86CD92A20056B000F9AA0 /* LoveMyCapibara.app */,
			);
			name = Products;
			sourceTree = "<group>";
		};
		64A86CDB2A20056B000F9AA0 /* LoveMyCapibara */ = {
			isa = PBXGroup;
			children = (
				64A86CDC2A20056B000F9AA0 /* LoveMyCapibaraApp.swift */,
				64ED6EEE2A20097A00E428F1 /* Resources */,
				64ED6EEA2A2008F100E428F1 /* Models */,
				64ED6EED2A20094B00E428F1 /* Views */,
				64A86CE22A20056C000F9AA0 /* Preview Content */,
			);
			path = LoveMyCapibara;
			sourceTree = "<group>";
		};
		64A86CE22A20056C000F9AA0 /* Preview Content */ = {
			isa = PBXGroup;
			children = (
				64A86CE32A20056C000F9AA0 /* Preview Assets.xcassets */,
			);
			path = "Preview Content";
			sourceTree = "<group>";
		};
		64ED6EEA2A2008F100E428F1 /* Models */ = {
			isa = PBXGroup;
			children = (
				64473F322A218117000B5967 /* GenderModel.swift */,
				64473F342A218117000B5967 /* PetModel.swift */,
				64473F362A218117000B5967 /* RaceModel.swift */,
				64473F332A218117000B5967 /* SpecieModel.swift */,
			);
			path = Models;
			sourceTree = "<group>";
		};
		64ED6EED2A20094B00E428F1 /* Views */ = {
			isa = PBXGroup;
			children = (
				64ED6EF22A200AED00E428F1 /* Scenes */,
				64ED6EEF2A200ABA00E428F1 /* ReusableComponents */,
			);
			path = Views;
			sourceTree = "<group>";
		};
		64ED6EEE2A20097A00E428F1 /* Resources */ = {
			isa = PBXGroup;
			children = (
				64A86CE02A20056C000F9AA0 /* Assets.xcassets */,
				646D84442A202EFF00884CC2 /* Fonts */,
			);
			path = Resources;
			sourceTree = "<group>";
		};
		64ED6EEF2A200ABA00E428F1 /* ReusableComponents */ = {
			isa = PBXGroup;
			children = (
				646D84412A20208000884CC2 /* PetCardView.swift */,
			);
			path = ReusableComponents;
			sourceTree = "<group>";
		};
		64ED6EF22A200AED00E428F1 /* Scenes */ = {
			isa = PBXGroup;
			children = (
				64A86CDE2A20056B000F9AA0 /* ContentView.swift */,
				6418348C2A20385900825BA8 /* HomeView.swift */,
				6418348E2A20387100825BA8 /* SettingsView.swift */,
				C08DB1CC2A2FDA0900636AEF /* DatePickerView.swift */,
				C08DB1D12A2FF5A400636AEF /* WeightPickerView.swift */,
				C0AAD5522A37A23100054836 /* ButtonWeightPicker.swift */,
			);
			path = Scenes;
			sourceTree = "<group>";
		};
/* End PBXGroup section */

/* Begin PBXNativeTarget section */
		64A86CD82A20056B000F9AA0 /* LoveMyCapibara */ = {
			isa = PBXNativeTarget;
			buildConfigurationList = 64A86CE72A20056C000F9AA0 /* Build configuration list for PBXNativeTarget "LoveMyCapibara" */;
			buildPhases = (
				64A86CD52A20056B000F9AA0 /* Sources */,
				64A86CD62A20056B000F9AA0 /* Frameworks */,
				64A86CD72A20056B000F9AA0 /* Resources */,
			);
			buildRules = (
			);
			dependencies = (
			);
			name = LoveMyCapibara;
			productName = LoveMyCapibara;
			productReference = 64A86CD92A20056B000F9AA0 /* LoveMyCapibara.app */;
			productType = "com.apple.product-type.application";
		};
/* End PBXNativeTarget section */

/* Begin PBXProject section */
		64A86CD12A20056B000F9AA0 /* Project object */ = {
			isa = PBXProject;
			attributes = {
				BuildIndependentTargetsInParallel = 1;
				LastSwiftUpdateCheck = 1420;
				LastUpgradeCheck = 1420;
				TargetAttributes = {
					64A86CD82A20056B000F9AA0 = {
						CreatedOnToolsVersion = 14.2;
					};
				};
			};
			buildConfigurationList = 64A86CD42A20056B000F9AA0 /* Build configuration list for PBXProject "LoveMyCapibara" */;
			compatibilityVersion = "Xcode 14.0";
			developmentRegion = en;
			hasScannedForEncodings = 0;
			knownRegions = (
				en,
				Base,
			);
			mainGroup = 64A86CD02A20056B000F9AA0;
			productRefGroup = 64A86CDA2A20056B000F9AA0 /* Products */;
			projectDirPath = "";
			projectRoot = "";
			targets = (
				64A86CD82A20056B000F9AA0 /* LoveMyCapibara */,
			);
		};
/* End PBXProject section */

/* Begin PBXResourcesBuildPhase section */
		64A86CD72A20056B000F9AA0 /* Resources */ = {
			isa = PBXResourcesBuildPhase;
			buildActionMask = 2147483647;
			files = (
				64A86CE42A20056C000F9AA0 /* Preview Assets.xcassets in Resources */,
				646D84482A202F9100884CC2 /* Poppins-Bold.ttf in Resources */,
				646D844A2A202F9E00884CC2 /* Poppins-SemiBold.ttf in Resources */,
				64A86CE12A20056C000F9AA0 /* Assets.xcassets in Resources */,
				646D844E2A20316A00884CC2 /* Poppins-Medium.ttf in Resources */,
				646D84462A202F6C00884CC2 /* Poppins-Regular.ttf in Resources */,
			);
			runOnlyForDeploymentPostprocessing = 0;
		};
/* End PBXResourcesBuildPhase section */

/* Begin PBXSourcesBuildPhase section */
		64A86CD52A20056B000F9AA0 /* Sources */ = {
			isa = PBXSourcesBuildPhase;
			buildActionMask = 2147483647;
			files = (
				64473F3B2A218117000B5967 /* RaceModel.swift in Sources */,
				C08DB1D22A2FF5A400636AEF /* WeightPickerView.swift in Sources */,
				64473F372A218117000B5967 /* GenderModel.swift in Sources */,
				6418348D2A20385900825BA8 /* HomeView.swift in Sources */,
				6418348F2A20387100825BA8 /* SettingsView.swift in Sources */,
				C08DB1CD2A2FDA0900636AEF /* DatePickerView.swift in Sources */,
				64A86CDF2A20056B000F9AA0 /* ContentView.swift in Sources */,
				646D84422A20208000884CC2 /* PetCardView.swift in Sources */,
				646D84502A20367A00884CC2 /* FontManager.swift in Sources */,
				64473F382A218117000B5967 /* SpecieModel.swift in Sources */,
				64473F392A218117000B5967 /* PetModel.swift in Sources */,
				C0AAD5532A37A23100054836 /* ButtonWeightPicker.swift in Sources */,
				64A86CDD2A20056B000F9AA0 /* LoveMyCapibaraApp.swift in Sources */,
			);
			runOnlyForDeploymentPostprocessing = 0;
		};
/* End PBXSourcesBuildPhase section */

/* Begin XCBuildConfiguration section */
		64A86CE52A20056C000F9AA0 /* Debug */ = {
			isa = XCBuildConfiguration;
			buildSettings = {
				ALWAYS_SEARCH_USER_PATHS = NO;
				CLANG_ANALYZER_NONNULL = YES;
				CLANG_ANALYZER_NUMBER_OBJECT_CONVERSION = YES_AGGRESSIVE;
				CLANG_CXX_LANGUAGE_STANDARD = "gnu++20";
				CLANG_ENABLE_MODULES = YES;
				CLANG_ENABLE_OBJC_ARC = YES;
				CLANG_ENABLE_OBJC_WEAK = YES;
				CLANG_WARN_BLOCK_CAPTURE_AUTORELEASING = YES;
				CLANG_WARN_BOOL_CONVERSION = YES;
				CLANG_WARN_COMMA = YES;
				CLANG_WARN_CONSTANT_CONVERSION = YES;
				CLANG_WARN_DEPRECATED_OBJC_IMPLEMENTATIONS = YES;
				CLANG_WARN_DIRECT_OBJC_ISA_USAGE = YES_ERROR;
				CLANG_WARN_DOCUMENTATION_COMMENTS = YES;
				CLANG_WARN_EMPTY_BODY = YES;
				CLANG_WARN_ENUM_CONVERSION = YES;
				CLANG_WARN_INFINITE_RECURSION = YES;
				CLANG_WARN_INT_CONVERSION = YES;
				CLANG_WARN_NON_LITERAL_NULL_CONVERSION = YES;
				CLANG_WARN_OBJC_IMPLICIT_RETAIN_SELF = YES;
				CLANG_WARN_OBJC_LITERAL_CONVERSION = YES;
				CLANG_WARN_OBJC_ROOT_CLASS = YES_ERROR;
				CLANG_WARN_QUOTED_INCLUDE_IN_FRAMEWORK_HEADER = YES;
				CLANG_WARN_RANGE_LOOP_ANALYSIS = YES;
				CLANG_WARN_STRICT_PROTOTYPES = YES;
				CLANG_WARN_SUSPICIOUS_MOVE = YES;
				CLANG_WARN_UNGUARDED_AVAILABILITY = YES_AGGRESSIVE;
				CLANG_WARN_UNREACHABLE_CODE = YES;
				CLANG_WARN__DUPLICATE_METHOD_MATCH = YES;
				COPY_PHASE_STRIP = NO;
				DEBUG_INFORMATION_FORMAT = dwarf;
				ENABLE_STRICT_OBJC_MSGSEND = YES;
				ENABLE_TESTABILITY = YES;
				GCC_C_LANGUAGE_STANDARD = gnu11;
				GCC_DYNAMIC_NO_PIC = NO;
				GCC_NO_COMMON_BLOCKS = YES;
				GCC_OPTIMIZATION_LEVEL = 0;
				GCC_PREPROCESSOR_DEFINITIONS = (
					"DEBUG=1",
					"$(inherited)",
				);
				GCC_WARN_64_TO_32_BIT_CONVERSION = YES;
				GCC_WARN_ABOUT_RETURN_TYPE = YES_ERROR;
				GCC_WARN_UNDECLARED_SELECTOR = YES;
				GCC_WARN_UNINITIALIZED_AUTOS = YES_AGGRESSIVE;
				GCC_WARN_UNUSED_FUNCTION = YES;
				GCC_WARN_UNUSED_VARIABLE = YES;
				IPHONEOS_DEPLOYMENT_TARGET = 16.2;
				MTL_ENABLE_DEBUG_INFO = INCLUDE_SOURCE;
				MTL_FAST_MATH = YES;
				ONLY_ACTIVE_ARCH = YES;
				SDKROOT = iphoneos;
				SWIFT_ACTIVE_COMPILATION_CONDITIONS = DEBUG;
				SWIFT_OPTIMIZATION_LEVEL = "-Onone";
			};
			name = Debug;
		};
		64A86CE62A20056C000F9AA0 /* Release */ = {
			isa = XCBuildConfiguration;
			buildSettings = {
				ALWAYS_SEARCH_USER_PATHS = NO;
				CLANG_ANALYZER_NONNULL = YES;
				CLANG_ANALYZER_NUMBER_OBJECT_CONVERSION = YES_AGGRESSIVE;
				CLANG_CXX_LANGUAGE_STANDARD = "gnu++20";
				CLANG_ENABLE_MODULES = YES;
				CLANG_ENABLE_OBJC_ARC = YES;
				CLANG_ENABLE_OBJC_WEAK = YES;
				CLANG_WARN_BLOCK_CAPTURE_AUTORELEASING = YES;
				CLANG_WARN_BOOL_CONVERSION = YES;
				CLANG_WARN_COMMA = YES;
				CLANG_WARN_CONSTANT_CONVERSION = YES;
				CLANG_WARN_DEPRECATED_OBJC_IMPLEMENTATIONS = YES;
				CLANG_WARN_DIRECT_OBJC_ISA_USAGE = YES_ERROR;
				CLANG_WARN_DOCUMENTATION_COMMENTS = YES;
				CLANG_WARN_EMPTY_BODY = YES;
				CLANG_WARN_ENUM_CONVERSION = YES;
				CLANG_WARN_INFINITE_RECURSION = YES;
				CLANG_WARN_INT_CONVERSION = YES;
				CLANG_WARN_NON_LITERAL_NULL_CONVERSION = YES;
				CLANG_WARN_OBJC_IMPLICIT_RETAIN_SELF = YES;
				CLANG_WARN_OBJC_LITERAL_CONVERSION = YES;
				CLANG_WARN_OBJC_ROOT_CLASS = YES_ERROR;
				CLANG_WARN_QUOTED_INCLUDE_IN_FRAMEWORK_HEADER = YES;
				CLANG_WARN_RANGE_LOOP_ANALYSIS = YES;
				CLANG_WARN_STRICT_PROTOTYPES = YES;
				CLANG_WARN_SUSPICIOUS_MOVE = YES;
				CLANG_WARN_UNGUARDED_AVAILABILITY = YES_AGGRESSIVE;
				CLANG_WARN_UNREACHABLE_CODE = YES;
				CLANG_WARN__DUPLICATE_METHOD_MATCH = YES;
				COPY_PHASE_STRIP = NO;
				DEBUG_INFORMATION_FORMAT = "dwarf-with-dsym";
				ENABLE_NS_ASSERTIONS = NO;
				ENABLE_STRICT_OBJC_MSGSEND = YES;
				GCC_C_LANGUAGE_STANDARD = gnu11;
				GCC_NO_COMMON_BLOCKS = YES;
				GCC_WARN_64_TO_32_BIT_CONVERSION = YES;
				GCC_WARN_ABOUT_RETURN_TYPE = YES_ERROR;
				GCC_WARN_UNDECLARED_SELECTOR = YES;
				GCC_WARN_UNINITIALIZED_AUTOS = YES_AGGRESSIVE;
				GCC_WARN_UNUSED_FUNCTION = YES;
				GCC_WARN_UNUSED_VARIABLE = YES;
				IPHONEOS_DEPLOYMENT_TARGET = 16.2;
				MTL_ENABLE_DEBUG_INFO = NO;
				MTL_FAST_MATH = YES;
				SDKROOT = iphoneos;
				SWIFT_COMPILATION_MODE = wholemodule;
				SWIFT_OPTIMIZATION_LEVEL = "-O";
				VALIDATE_PRODUCT = YES;
			};
			name = Release;
		};
		64A86CE82A20056C000F9AA0 /* Debug */ = {
			isa = XCBuildConfiguration;
			buildSettings = {
				ASSETCATALOG_COMPILER_APPICON_NAME = AppIcon;
				ASSETCATALOG_COMPILER_GLOBAL_ACCENT_COLOR_NAME = AccentColor;
				CODE_SIGN_STYLE = Automatic;
				CURRENT_PROJECT_VERSION = 1;
				DEVELOPMENT_ASSET_PATHS = "\"LoveMyCapibara/Preview Content\"";
				DEVELOPMENT_TEAM = L74KXV492D;
				ENABLE_PREVIEWS = YES;
				GENERATE_INFOPLIST_FILE = YES;
				INFOPLIST_FILE = LoveMyCapibara/Info.plist;
				INFOPLIST_KEY_CFBundleDisplayName = "";
				INFOPLIST_KEY_UIApplicationSceneManifest_Generation = YES;
				INFOPLIST_KEY_UIApplicationSupportsIndirectInputEvents = YES;
				INFOPLIST_KEY_UILaunchScreen_Generation = YES;
				INFOPLIST_KEY_UIStatusBarStyle = "";
				INFOPLIST_KEY_UISupportedInterfaceOrientations_iPad = "UIInterfaceOrientationPortrait UIInterfaceOrientationPortraitUpsideDown UIInterfaceOrientationLandscapeLeft UIInterfaceOrientationLandscapeRight";
				INFOPLIST_KEY_UISupportedInterfaceOrientations_iPhone = "UIInterfaceOrientationPortrait UIInterfaceOrientationLandscapeLeft UIInterfaceOrientationLandscapeRight";
				LD_RUNPATH_SEARCH_PATHS = (
					"$(inherited)",
					"@executable_path/Frameworks",
				);
				MARKETING_VERSION = 1.0;
				PRODUCT_BUNDLE_IDENTIFIER = AppleResidence.LoveMyCapibara;
				PRODUCT_NAME = "$(TARGET_NAME)";
				SWIFT_EMIT_LOC_STRINGS = YES;
				SWIFT_VERSION = 5.0;
				TARGETED_DEVICE_FAMILY = "1,2";
			};
			name = Debug;
		};
		64A86CE92A20056C000F9AA0 /* Release */ = {
			isa = XCBuildConfiguration;
			buildSettings = {
				ASSETCATALOG_COMPILER_APPICON_NAME = AppIcon;
				ASSETCATALOG_COMPILER_GLOBAL_ACCENT_COLOR_NAME = AccentColor;
				CODE_SIGN_STYLE = Automatic;
				CURRENT_PROJECT_VERSION = 1;
				DEVELOPMENT_ASSET_PATHS = "\"LoveMyCapibara/Preview Content\"";
				DEVELOPMENT_TEAM = L74KXV492D;
				ENABLE_PREVIEWS = YES;
				GENERATE_INFOPLIST_FILE = YES;
				INFOPLIST_FILE = LoveMyCapibara/Info.plist;
				INFOPLIST_KEY_CFBundleDisplayName = "";
				INFOPLIST_KEY_UIApplicationSceneManifest_Generation = YES;
				INFOPLIST_KEY_UIApplicationSupportsIndirectInputEvents = YES;
				INFOPLIST_KEY_UILaunchScreen_Generation = YES;
				INFOPLIST_KEY_UIStatusBarStyle = "";
				INFOPLIST_KEY_UISupportedInterfaceOrientations_iPad = "UIInterfaceOrientationPortrait UIInterfaceOrientationPortraitUpsideDown UIInterfaceOrientationLandscapeLeft UIInterfaceOrientationLandscapeRight";
				INFOPLIST_KEY_UISupportedInterfaceOrientations_iPhone = "UIInterfaceOrientationPortrait UIInterfaceOrientationLandscapeLeft UIInterfaceOrientationLandscapeRight";
				LD_RUNPATH_SEARCH_PATHS = (
					"$(inherited)",
					"@executable_path/Frameworks",
				);
				MARKETING_VERSION = 1.0;
				PRODUCT_BUNDLE_IDENTIFIER = AppleResidence.LoveMyCapibara;
				PRODUCT_NAME = "$(TARGET_NAME)";
				SWIFT_EMIT_LOC_STRINGS = YES;
				SWIFT_VERSION = 5.0;
				TARGETED_DEVICE_FAMILY = "1,2";
			};
			name = Release;
		};
/* End XCBuildConfiguration section */

/* Begin XCConfigurationList section */
		64A86CD42A20056B000F9AA0 /* Build configuration list for PBXProject "LoveMyCapibara" */ = {
			isa = XCConfigurationList;
			buildConfigurations = (
				64A86CE52A20056C000F9AA0 /* Debug */,
				64A86CE62A20056C000F9AA0 /* Release */,
			);
			defaultConfigurationIsVisible = 0;
			defaultConfigurationName = Release;
		};
		64A86CE72A20056C000F9AA0 /* Build configuration list for PBXNativeTarget "LoveMyCapibara" */ = {
			isa = XCConfigurationList;
			buildConfigurations = (
				64A86CE82A20056C000F9AA0 /* Debug */,
				64A86CE92A20056C000F9AA0 /* Release */,
			);
			defaultConfigurationIsVisible = 0;
			defaultConfigurationName = Release;
		};
/* End XCConfigurationList section */
	};
	rootObject = 64A86CD12A20056B000F9AA0 /* Project object */;
}
